
Microsoft Visual Studio Solution File, Format Version 12.00
# Visual Studio Version 17
VisualStudioVersion = 17.6.33723.286
MinimumVisualStudioVersion = 10.0.40219.1
Project("{9A19103F-16F7-4668-BE54-9A1E7A4F7556}") = "DemoMapperDTO", "DemoMapperDTO\DemoMapperDTO.csproj", "{D5879C33-0AD9-4409-8987-9D8750515889}"
EndProject
Global
	GlobalSection(SolutionConfigurationPlatforms) = preSolution
		Debug|Any CPU = Debug|Any CPU
		Release|Any CPU = Release|Any CPU
	EndGlobalSection
	GlobalSection(ProjectConfigurationPlatforms) = postSolution
		{D5879C33-0AD9-4409-8987-9D8750515889}.Debug|Any CPU.ActiveCfg = Debug|Any CPU
		{D5879C33-0AD9-4409-8987-9D8750515889}.Debug|Any CPU.Build.0 = Debug|Any CPU
		{D5879C33-0AD9-4409-8987-9D8750515889}.Release|Any CPU.ActiveCfg = Release|Any CPU
		{D5879C33-0AD9-4409-8987-9D8750515889}.Release|Any CPU.Build.0 = Release|Any CPU
	EndGlobalSection
	GlobalSection(SolutionProperties) = preSolution
		HideSolutionNode = FALSE
	EndGlobalSection
	GlobalSection(ExtensibilityGlobals) = postSolution
		SolutionGuid = {E1BAC087-9FB2-4A79-8797-31DAAF9370B0}
	EndGlobalSection
EndGlobal
